<?xml version="1.0" encoding="utf-8"?>
<Project ToolsVersion="4.0" xmlns="http://schemas.microsoft.com/developer/msbuild/2003">
  <ItemGroup>
    <Filter Include="Model">
      <UniqueIdentifier>{10105572-e59d-4ac6-94b2-c50d9be5cfd8}</UniqueIdentifier>
    </Filter>
    <Filter Include="Runner">
      <UniqueIdentifier>{38e571a2-5010-491d-bcbd-def212efaf12}</UniqueIdentifier>
    </Filter>
    <Filter Include="Runner\RapidJson">
      <UniqueIdentifier>{2685bce5-f7a9-4b91-8482-6a54665a3251}</UniqueIdentifier>
    </Filter>
    <Filter Include="Runner\simplesocket">
      <UniqueIdentifier>{9a7691dd-8550-45b4-8ef6-8d1abd89e1f1}</UniqueIdentifier>
    </Filter>
    <Filter Include="MyStrategy">
      <UniqueIdentifier>{4FC737F1-C7A5-4376-A066-2A32D752A2FF}</UniqueIdentifier>
      <Extensions>
      </Extensions>
    </Filter>
  </ItemGroup>
  <ItemGroup>
    <ClCompile Include="MyStrategy.cpp">
      <Filter>MyStrategy</Filter>
    </ClCompile>
    <ClCompile Include="Runner.cpp">
      <Filter>Runner</Filter>
    </ClCompile>
    <ClCompile Include="csimplesocket\HTTPActiveSocket.cpp">
      <Filter>Runner\simplesocket</Filter>
    </ClCompile>
    <ClCompile Include="csimplesocket\ActiveSocket.cpp">
      <Filter>Runner\simplesocket</Filter>
    </ClCompile>
    <ClCompile Include="csimplesocket\PassiveSocket.cpp">
      <Filter>Runner\simplesocket</Filter>
    </ClCompile>
    <ClCompile Include="RemoteProcessClient.cpp">
      <Filter>Runner</Filter>
    </ClCompile>
    <ClCompile Include="csimplesocket\SimpleSocket.cpp">
      <Filter>Runner\simplesocket</Filter>
    </ClCompile>
    <ClCompile Include="Strategy.cpp">
      <Filter>Runner</Filter>
    </ClCompile>
  </ItemGroup>
  <ItemGroup>
    <ClInclude Include="MyStrategy.h">
      <Filter>MyStrategy</Filter>
    </ClInclude>
    <ClInclude Include="model\Action.h">
      <Filter>Model</Filter>
    </ClInclude>
    <ClInclude Include="csimplesocket\ActiveSocket.h">
      <Filter>Runner\simplesocket</Filter>
    </ClInclude>
    <ClInclude Include="rapidjson\allocators.h">
      <Filter>Runner\RapidJson</Filter>
    </ClInclude>
    <ClInclude Include="model\Arena.h">
      <Filter>Model</Filter>
    </ClInclude>
    <ClInclude Include="model\Ball.h">
      <Filter>Model</Filter>
    </ClInclude>
    <ClInclude Include="rapidjson\internal\biginteger.h">
      <Filter>Runner\RapidJson</Filter>
    </ClInclude>
    <ClInclude Include="rapidjson\cursorstreamwrapper.h">
      <Filter>Runner\RapidJson</Filter>
    </ClInclude>
    <ClInclude Include="rapidjson\internal\diyfp.h">
      <Filter>Runner\RapidJson</Filter>
    </ClInclude>
    <ClInclude Include="rapidjson\document.h">
      <Filter>Runner\RapidJson</Filter>
    </ClInclude>
    <ClInclude Include="rapidjson\internal\dtoa.h">
      <Filter>Runner\RapidJson</Filter>
    </ClInclude>
    <ClInclude Include="rapidjson\error\en.h">
      <Filter>Runner\RapidJson</Filter>
    </ClInclude>
    <ClInclude Include="rapidjson\encodedstream.h">
      <Filter>Runner\RapidJson</Filter>
    </ClInclude>
    <ClInclude Include="rapidjson\encodings.h">
      <Filter>Runner\RapidJson</Filter>
    </ClInclude>
    <ClInclude Include="rapidjson\error\error.h">
      <Filter>Runner\RapidJson</Filter>
    </ClInclude>
    <ClInclude Include="rapidjson\filereadstream.h">
      <Filter>Runner\RapidJson</Filter>
    </ClInclude>
    <ClInclude Include="rapidjson\filewritestream.h">
      <Filter>Runner\RapidJson</Filter>
    </ClInclude>
    <ClInclude Include="rapidjson\fwd.h">
      <Filter>Runner\RapidJson</Filter>
    </ClInclude>
    <ClInclude Include="csimplesocket\Host.h">
      <Filter>Runner\simplesocket</Filter>
    </ClInclude>
    <ClInclude Include="model\Game.h">
      <Filter>Model</Filter>
    </ClInclude>
    <ClInclude Include="csimplesocket\HTTPActiveSocket.h">
      <Filter>Runner\simplesocket</Filter>
    </ClInclude>
    <ClInclude Include="rapidjson\internal\ieee754.h">
      <Filter>Runner\RapidJson</Filter>
    </ClInclude>
    <ClInclude Include="rapidjson\msinttypes\inttypes.h">
      <Filter>Runner\RapidJson</Filter>
    </ClInclude>
    <ClInclude Include="rapidjson\istreamwrapper.h">
      <Filter>Runner\RapidJson</Filter>
    </ClInclude>
    <ClInclude Include="rapidjson\internal\itoa.h">
      <Filter>Runner\RapidJson</Filter>
    </ClInclude>
    <ClInclude Include="rapidjson\memorybuffer.h">
      <Filter>Runner\RapidJson</Filter>
    </ClInclude>
    <ClInclude Include="rapidjson\memorystream.h">
      <Filter>Runner\RapidJson</Filter>
    </ClInclude>
    <ClInclude Include="rapidjson\internal\meta.h">
      <Filter>Runner\RapidJson</Filter>
    </ClInclude>
    <ClInclude Include="model\NitroPack.h">
      <Filter>Model</Filter>
    </ClInclude>
    <ClInclude Include="rapidjson\ostreamwrapper.h">
      <Filter>Runner\RapidJson</Filter>
    </ClInclude>
    <ClInclude Include="csimplesocket\PassiveSocket.h">
      <Filter>Runner\simplesocket</Filter>
    </ClInclude>
    <ClInclude Include="model\Player.h">
      <Filter>Model</Filter>
    </ClInclude>
    <ClInclude Include="rapidjson\pointer.h">
      <Filter>Runner\RapidJson</Filter>
    </ClInclude>
    <ClInclude Include="rapidjson\internal\pow10.h">
      <Filter>Runner\RapidJson</Filter>
    </ClInclude>
    <ClInclude Include="rapidjson\prettywriter.h">
      <Filter>Runner\RapidJson</Filter>
    </ClInclude>
    <ClInclude Include="rapidjson\rapidjson.h">
      <Filter>Runner\RapidJson</Filter>
    </ClInclude>
    <ClInclude Include="rapidjson\reader.h">
      <Filter>Runner\RapidJson</Filter>
    </ClInclude>
    <ClInclude Include="rapidjson\internal\regex.h">
      <Filter>Runner\RapidJson</Filter>
    </ClInclude>
    <ClInclude Include="RemoteProcessClient.h">
      <Filter>Runner</Filter>
    </ClInclude>
    <ClInclude Include="model\Robot.h">
      <Filter>Model</Filter>
    </ClInclude>
    <ClInclude Include="model\Rules.h">
      <Filter>Model</Filter>
    </ClInclude>
    <ClInclude Include="Runner.h">
      <Filter>Runner</Filter>
    </ClInclude>
    <ClInclude Include="rapidjson\writer.h">
      <Filter>Runner\RapidJson</Filter>
    </ClInclude>
    <ClInclude Include="rapidjson\stream.h">
      <Filter>Runner\RapidJson</Filter>
    </ClInclude>
    <ClInclude Include="rapidjson\internal\strfunc.h">
      <Filter>Runner\RapidJson</Filter>
    </ClInclude>
    <ClInclude Include="rapidjson\stringbuffer.h">
      <Filter>Runner\RapidJson</Filter>
    </ClInclude>
    <ClInclude Include="rapidjson\internal\strtod.h">
      <Filter>Runner\RapidJson</Filter>
    </ClInclude>
    <ClInclude Include="rapidjson\internal\swap.h">
      <Filter>Runner\RapidJson</Filter>
    </ClInclude>
    <ClInclude Include="rapidjson\schema.h">
      <Filter>Runner\RapidJson</Filter>
    </ClInclude>
    <ClInclude Include="rapidjson\internal\stack.h">
      <Filter>Runner\RapidJson</Filter>
    </ClInclude>
    <ClInclude Include="rapidjson\msinttypes\stdint.h">
      <Filter>Runner\RapidJson</Filter>
    </ClInclude>
    <ClInclude Include="csimplesocket\StatTimer.h">
      <Filter>Runner\simplesocket</Filter>
    </ClInclude>
    <ClInclude Include="csimplesocket\SimpleSocket.h">
      <Filter>Runner\simplesocket</Filter>
    </ClInclude>
    <ClInclude Include="Strategy.h">
      <Filter>Runner</Filter>
    </ClInclude>
  </ItemGroup>
</Project>
